
Microsoft Visual Studio Solution File, Format Version 12.00
# Visual Studio Version 16
VisualStudioVersion = 16.0.30309.148
MinimumVisualStudioVersion = 10.0.40219.1
Project("{FAE04EC0-301F-11D3-BF4B-00C04F79EFBC}") = "part 6 loops", "part 6 loops.csproj", "{BD00C1A3-C066-4F18-ACC2-8670BA438AAB}"
EndProject
Global
	GlobalSection(SolutionConfigurationPlatforms) = preSolution
		Debug|Any CPU = Debug|Any CPU
		Release|Any CPU = Release|Any CPU
	EndGlobalSection
	GlobalSection(ProjectConfigurationPlatforms) = postSolution
		{BD00C1A3-C066-4F18-ACC2-8670BA438AAB}.Debug|Any CPU.ActiveCfg = Debug|Any CPU
		{BD00C1A3-C066-4F18-ACC2-8670BA438AAB}.Debug|Any CPU.Build.0 = Debug|Any CPU
		{BD00C1A3-C066-4F18-ACC2-8670BA438AAB}.Release|Any CPU.ActiveCfg = Release|Any CPU
		{BD00C1A3-C066-4F18-ACC2-8670BA438AAB}.Release|Any CPU.Build.0 = Release|Any CPU
	EndGlobalSection
	GlobalSection(SolutionProperties) = preSolution
		HideSolutionNode = FALSE
	EndGlobalSection
	GlobalSection(ExtensibilityGlobals) = postSolution
		SolutionGuid = {18291339-9730-4CBA-B505-8C921735AE0E}
	EndGlobalSection
EndGlobal
